
Microsoft Visual Studio Solution File, Format Version 12.00
# Visual Studio 15
VisualStudioVersion = 15.0.27004.2002
MinimumVisualStudioVersion = 10.0.40219.1
Project("{FAE04EC0-301F-11D3-BF4B-00C04F79EFBC}") = "Litch.Cli", "Litch.Cli\Litch.Cli.csproj", "{B30322A8-9F52-4866-A48A-EE754B60BA33}"
EndProject
Project("{FAE04EC0-301F-11D3-BF4B-00C04F79EFBC}") = "Litch.Lib", "Litch.Lib\Litch.Lib.csproj", "{C1724BBE-BE95-49C1-B705-2E6C4EFFA08A}"
EndProject
Global
	GlobalSection(SolutionConfigurationPlatforms) = preSolution
		Debug|Any CPU = Debug|Any CPU
		Release|Any CPU = Release|Any CPU
	EndGlobalSection
	GlobalSection(ProjectConfigurationPlatforms) = postSolution
		{B30322A8-9F52-4866-A48A-EE754B60BA33}.Debug|Any CPU.ActiveCfg = Debug|Any CPU
		{B30322A8-9F52-4866-A48A-EE754B60BA33}.Debug|Any CPU.Build.0 = Debug|Any CPU
		{B30322A8-9F52-4866-A48A-EE754B60BA33}.Release|Any CPU.ActiveCfg = Release|Any CPU
		{B30322A8-9F52-4866-A48A-EE754B60BA33}.Release|Any CPU.Build.0 = Release|Any CPU
		{C1724BBE-BE95-49C1-B705-2E6C4EFFA08A}.Debug|Any CPU.ActiveCfg = Debug|Any CPU
		{C1724BBE-BE95-49C1-B705-2E6C4EFFA08A}.Debug|Any CPU.Build.0 = Debug|Any CPU
		{C1724BBE-BE95-49C1-B705-2E6C4EFFA08A}.Release|Any CPU.ActiveCfg = Release|Any CPU
		{C1724BBE-BE95-49C1-B705-2E6C4EFFA08A}.Release|Any CPU.Build.0 = Release|Any CPU
	EndGlobalSection
	GlobalSection(SolutionProperties) = preSolution
		HideSolutionNode = FALSE
	EndGlobalSection
	GlobalSection(ExtensibilityGlobals) = postSolution
		SolutionGuid = {0D2540BD-7956-4324-821C-D6445A5306A1}
	EndGlobalSection
EndGlobal
